
Microsoft Visual Studio Solution File, Format Version 12.00
# Visual Studio 15
VisualStudioVersion = 15.0.27130.2036
MinimumVisualStudioVersion = 10.0.40219.1
Project("{8BC9CEB8-8B4A-11D0-8D11-00A0C91BC942}") = "stl_test", "stl_test\stl_test.vcxproj", "{DB1B9CB6-27EF-4072-8800-796BB18A8022}"
EndProject
Global
	GlobalSection(SolutionConfigurationPlatforms) = preSolution
		Debug|x64 = Debug|x64
		Debug|x86 = Debug|x86
		Release|x64 = Release|x64
		Release|x86 = Release|x86
	EndGlobalSection
	GlobalSection(ProjectConfigurationPlatforms) = postSolution
		{DB1B9CB6-27EF-4072-8800-796BB18A8022}.Debug|x64.ActiveCfg = Debug|x64
		{DB1B9CB6-27EF-4072-8800-796BB18A8022}.Debug|x64.Build.0 = Debug|x64
		{DB1B9CB6-27EF-4072-8800-796BB18A8022}.Debug|x86.ActiveCfg = Debug|Win32
		{DB1B9CB6-27EF-4072-8800-796BB18A8022}.Debug|x86.Build.0 = Debug|Win32
		{DB1B9CB6-27EF-4072-8800-796BB18A8022}.Release|x64.ActiveCfg = Release|x64
		{DB1B9CB6-27EF-4072-8800-796BB18A8022}.Release|x64.Build.0 = Release|x64
		{DB1B9CB6-27EF-4072-8800-796BB18A8022}.Release|x86.ActiveCfg = Release|Win32
		{DB1B9CB6-27EF-4072-8800-796BB18A8022}.Release|x86.Build.0 = Release|Win32
	EndGlobalSection
	GlobalSection(SolutionProperties) = preSolution
		HideSolutionNode = FALSE
	EndGlobalSection
	GlobalSection(ExtensibilityGlobals) = postSolution
		SolutionGuid = {A1692117-08F5-497A-A172-CA144599A929}
	EndGlobalSection
EndGlobal
